
Microsoft Visual Studio Solution File, Format Version 12.00
# Visual Studio Version 17
VisualStudioVersion = 17.6.33815.320
MinimumVisualStudioVersion = 10.0.40219.1
Project("{FAE04EC0-301F-11D3-BF4B-00C04F79EFBC}") = "GrpcServerClientFirst", "GrpcServerClientFirst\GrpcServerClientFirst.csproj", "{C7065EEE-3730-4921-BE69-94C98294EFB2}"
EndProject
Project("{FAE04EC0-301F-11D3-BF4B-00C04F79EFBC}") = "GrpcServerClientSecond", "GrpcServerClientSecond\GrpcServerClientSecond.csproj", "{A0746710-77DF-4A37-8F74-D6F268A8E8BD}"
EndProject
Global
	GlobalSection(SolutionConfigurationPlatforms) = preSolution
		Debug|Any CPU = Debug|Any CPU
		Release|Any CPU = Release|Any CPU
	EndGlobalSection
	GlobalSection(ProjectConfigurationPlatforms) = postSolution
		{C7065EEE-3730-4921-BE69-94C98294EFB2}.Debug|Any CPU.ActiveCfg = Debug|Any CPU
		{C7065EEE-3730-4921-BE69-94C98294EFB2}.Debug|Any CPU.Build.0 = Debug|Any CPU
		{C7065EEE-3730-4921-BE69-94C98294EFB2}.Release|Any CPU.ActiveCfg = Release|Any CPU
		{C7065EEE-3730-4921-BE69-94C98294EFB2}.Release|Any CPU.Build.0 = Release|Any CPU
		{A0746710-77DF-4A37-8F74-D6F268A8E8BD}.Debug|Any CPU.ActiveCfg = Debug|Any CPU
		{A0746710-77DF-4A37-8F74-D6F268A8E8BD}.Debug|Any CPU.Build.0 = Debug|Any CPU
		{A0746710-77DF-4A37-8F74-D6F268A8E8BD}.Release|Any CPU.ActiveCfg = Release|Any CPU
		{A0746710-77DF-4A37-8F74-D6F268A8E8BD}.Release|Any CPU.Build.0 = Release|Any CPU
	EndGlobalSection
	GlobalSection(SolutionProperties) = preSolution
		HideSolutionNode = FALSE
	EndGlobalSection
	GlobalSection(ExtensibilityGlobals) = postSolution
		SolutionGuid = {389BFC4F-6717-4A3B-978C-F52CECFEE842}
	EndGlobalSection
EndGlobal
